
Microsoft Visual Studio Solution File, Format Version 12.00
# Visual Studio 15
VisualStudioVersion = 15.0.27703.2047
MinimumVisualStudioVersion = 10.0.40219.1
Project("{FAE04EC0-301F-11D3-BF4B-00C04F79EFBC}") = "Example MVC Solution", "Example MVC Solution\Example MVC Solution.csproj", "{C7510406-75C8-4BCD-9473-A307FF13054C}"
EndProject
Global
	GlobalSection(SolutionConfigurationPlatforms) = preSolution
		Debug|Any CPU = Debug|Any CPU
		Release|Any CPU = Release|Any CPU
	EndGlobalSection
	GlobalSection(ProjectConfigurationPlatforms) = postSolution
		{C7510406-75C8-4BCD-9473-A307FF13054C}.Debug|Any CPU.ActiveCfg = Debug|Any CPU
		{C7510406-75C8-4BCD-9473-A307FF13054C}.Debug|Any CPU.Build.0 = Debug|Any CPU
		{C7510406-75C8-4BCD-9473-A307FF13054C}.Release|Any CPU.ActiveCfg = Release|Any CPU
		{C7510406-75C8-4BCD-9473-A307FF13054C}.Release|Any CPU.Build.0 = Release|Any CPU
	EndGlobalSection
	GlobalSection(SolutionProperties) = preSolution
		HideSolutionNode = FALSE
	EndGlobalSection
	GlobalSection(ExtensibilityGlobals) = postSolution
		SolutionGuid = {68D01487-14A6-4743-934F-2450D8156CF8}
	EndGlobalSection
EndGlobal
